
Microsoft Visual Studio Solution File, Format Version 12.00
# Visual Studio Version 16
VisualStudioVersion = 16.0.30804.86
MinimumVisualStudioVersion = 10.0.40219.1
Project("{FAE04EC0-301F-11D3-BF4B-00C04F79EFBC}") = "RetryPattern", "RetryPattern\RetryPattern.csproj", "{3E5E1EB8-1CE3-4EE1-8AC7-EEBA049F7993}"
EndProject
Global
	GlobalSection(SolutionConfigurationPlatforms) = preSolution
		Debug|Any CPU = Debug|Any CPU
		Release|Any CPU = Release|Any CPU
	EndGlobalSection
	GlobalSection(ProjectConfigurationPlatforms) = postSolution
		{3E5E1EB8-1CE3-4EE1-8AC7-EEBA049F7993}.Debug|Any CPU.ActiveCfg = Debug|Any CPU
		{3E5E1EB8-1CE3-4EE1-8AC7-EEBA049F7993}.Debug|Any CPU.Build.0 = Debug|Any CPU
		{3E5E1EB8-1CE3-4EE1-8AC7-EEBA049F7993}.Release|Any CPU.ActiveCfg = Release|Any CPU
		{3E5E1EB8-1CE3-4EE1-8AC7-EEBA049F7993}.Release|Any CPU.Build.0 = Release|Any CPU
	EndGlobalSection
	GlobalSection(SolutionProperties) = preSolution
		HideSolutionNode = FALSE
	EndGlobalSection
	GlobalSection(ExtensibilityGlobals) = postSolution
		SolutionGuid = {84F6D868-8020-4106-BE0A-B625BEAFDE46}
	EndGlobalSection
EndGlobal
